
Microsoft Visual Studio Solution File, Format Version 12.00
# Visual Studio Version 17
VisualStudioVersion = 17.6.33801.468
MinimumVisualStudioVersion = 10.0.40219.1
Project("{FAE04EC0-301F-11D3-BF4B-00C04F79EFBC}") = "BookStoreApp.API", "BookStoreApp.API\BookStoreApp.API.csproj", "{15241F62-948B-42CB-9BA5-A22EB3557C49}"
EndProject
Global
	GlobalSection(SolutionConfigurationPlatforms) = preSolution
		Debug|Any CPU = Debug|Any CPU
		Release|Any CPU = Release|Any CPU
	EndGlobalSection
	GlobalSection(ProjectConfigurationPlatforms) = postSolution
		{15241F62-948B-42CB-9BA5-A22EB3557C49}.Debug|Any CPU.ActiveCfg = Debug|Any CPU
		{15241F62-948B-42CB-9BA5-A22EB3557C49}.Debug|Any CPU.Build.0 = Debug|Any CPU
		{15241F62-948B-42CB-9BA5-A22EB3557C49}.Release|Any CPU.ActiveCfg = Release|Any CPU
		{15241F62-948B-42CB-9BA5-A22EB3557C49}.Release|Any CPU.Build.0 = Release|Any CPU
	EndGlobalSection
	GlobalSection(SolutionProperties) = preSolution
		HideSolutionNode = FALSE
	EndGlobalSection
	GlobalSection(ExtensibilityGlobals) = postSolution
		SolutionGuid = {3F372ED6-E116-4D1E-9A57-C2FA79C751BD}
	EndGlobalSection
EndGlobal
